# This file was autogenerated by Stack.
# You should not edit this file by hand.
# For more information, please see the documentation at:
#   https://docs.haskellstack.org/en/stable/lock_files

packages:
- completed:
    hackage: MonadRandom-0.5.1.1@sha256:dc6026d0c95b501b1a40dea0e59e6604a4a9c26319a724d30b0d91c92ba72b3a,1450
    pantry-tree:
      size: 707
      sha256: 8cbd3cb0c593b01e4e3c6af561cda4fdc6b5b57f90605cdec626c70b5da1ee9f
  original:
    hackage: MonadRandom-0.5.1.1
- completed:
    hackage: fail-4.9.0.0@sha256:35d1ee29364447c1b7d616bb1ee31f162b73e85fea91d7ca6441cf901398f572,1051
    pantry-tree:
      size: 210
      sha256: e4daa79eb6a4442ec85c86dfeb0eb4bf8624f8dcc5291a2216165120ecb77c13
  original:
    hackage: fail-4.9.0.0
snapshots:
- completed:
    size: 513872
    url: https://raw.githubusercontent.com/commercialhaskell/stackage-snapshots/master/nightly/2019/6/28.yaml
    sha256: 60d99bc77de2ab71baaf7114873210155f84e8ae78350f113a1e6307a6b1995c
  original: nightly-2019-06-28
